github.com/aws/aws-lambda-go v1.34.1 h1:M3a/uFYBjii+tDcOJ0wL/WyFi2550FHoECdPf27zvOs=
github.com/aws/aws-lambda-go v1.34.1/go.mod h1:jwFe2KmMsHmffA1X2R09hH6lFzJQxzI8qK17ewzbQMM=
github.com/davecgh/go-spew v1.1.0/go.mod h1:J7Y8YcW2NihsgmVo/mv3lAwl/skON4iLHjSsI+c5H38=
github.com/davecgh/go-spew v1.1.1/go.mod h1:J7Y8YcW2NihsgmVo/mv3lAwl/skON4iLHjSsI+c5H38=
github.com/google/go-cmp v0.5.9/go.mod h1:17dUlkBOakJ0+DkrSSNjCkIjxS6bF9zb3elmeNGIjoY=
github.com/pmezard/go-difflib v1.0.0/go.mod h1:iKH77koFhYxTK1pcRnkKkqfTogsbg7gZNVY4sRDYZ/4=
github.com/prometheus/procfs v0.9.0 h1:wzCHvIvM5SxWqYvwgVL7yJY8Lz3PKn49KQtpgMYJfhI=
github.com/prometheus/procfs v0.9.0/go.mod h1:+pB4zwohETzFnmlpe6yd2lSc+0/46IYZRB/chUwxUZY=
github.com/stretchr/objx v0.1.0/go.mod h1:HFkY916IF+rwdDfMAkV7OtwuqBVzrE8GR6GFx+wExME=
github.com/stretchr/testify v1.7.2/go.mod h1:R6va5+xMeoiuVRoj+gSkQ7d3FALtqAAGI1FQKckRals=
github.com/struCoder/pidusage v0.2.1 h1:dFiEgUDkubeIj0XA1NpQ6+8LQmKrLi7NiIQl86E6BoY=
github.com/struCoder/pidusage v0.2.1/go.mod h1:bewtP2KUA1TBUyza5+/PCpSQ6sc/H6jJbIKAzqW86BA=
golang.org/x/sync v0.1.0/go.mod h1:RxMgew5VJxzue5/jJTE5uejpjVlOe/izrB70Jof72aM=
golang.org/x/sys v0.3.0 h1:w8ZOecv6NaNa/zC8944JTU3vz4u6Lagfk4RPQxv92NQ=
golang.org/x/sys v0.3.0/go.mod h1:oPkhp1MJrh7nUepCBck5+mAzfO9JrbApNNgaTdGDITg=
gopkg.in/check.v1 v0.0.0-20161208181325-20d25e280405/go.mod h1:Co6ibVJAznAaIkqp8huTwlJQCZ016jof/cbN4VW5Yz0=
gopkg.in/yaml.v3 v3.0.1/go.mod h1:K4uyk7z7BCEPqu6E+C64Yfv1cQ7kz7rIZviUmN+EgEM=
